<?xml version="1.0" encoding="utf-8"?>
<Project ToolsVersion="4.0" xmlns="http://schemas.microsoft.com/developer/msbuild/2003">
  <ItemGroup>
    <Filter Include="Source Files">
      <UniqueIdentifier>{4FC737F1-C7A5-4376-A066-2A32D752A2FF}</UniqueIdentifier>
      <Extensions>cpp;c;cc;cxx;c++;cppm;ixx;def;odl;idl;hpj;bat;asm;asmx</Extensions>
    </Filter>
    <Filter Include="Header Files">
      <UniqueIdentifier>{93995380-89BD-4b04-88EB-625FBE52EBFB}</UniqueIdentifier>
      <Extensions>h;hh;hpp;hxx;h++;hm;inl;inc;ipp;xsd</Extensions>
    </Filter>
    <Filter Include="Resource Files">
      <UniqueIdentifier>{67DA6AB6-F800-4c08-8B7A-83BB121AAD01}</UniqueIdentifier>
      <Extensions>rc;ico;cur;bmp;dlg;rc2;rct;bin;rgs;gif;jpg;jpeg;jpe;resx;tiff;tif;png;wav;mfcribbon-ms</Extensions>
    </Filter>
    <Filter Include="Source Files\Engine">
      <UniqueIdentifier>{b71edc51-c372-4903-89fd-f70840fdcbb2}</UniqueIdentifier>
    </Filter>
    <Filter Include="Source Files\Engine\Components">
      <UniqueIdentifier>{0684d8dc-96e6-4140-8d4b-ec90c0ad6907}</UniqueIdentifier>
    </Filter>
    <Filter Include="Source Files\TestGame">
      <UniqueIdentifier>{90535dd3-67ee-492c-b610-50c736556cd9}</UniqueIdentifier>
    </Filter>
    <Filter Include="Source Files\Engine\GameSystems">
      <UniqueIdentifier>{7c27a600-b6fc-4544-9b24-767bf622cc7a}</UniqueIdentifier>
    </Filter>
  </ItemGroup>
  <ItemGroup>
    <ClCompile Include="Main.cpp">
      <Filter>Source Files</Filter>
    </ClCompile>
    <ClCompile Include="Engine\NameHash.cpp">
      <Filter>Source Files\Engine</Filter>
    </ClCompile>
    <ClCompile Include="Engine\World.cpp">
      <Filter>Source Files\Engine</Filter>
    </ClCompile>
    <ClCompile Include="Engine\AssetManager.cpp">
      <Filter>Source Files\Engine</Filter>
    </ClCompile>
    <ClCompile Include="Engine\Components\SpriteComponent.cpp">
      <Filter>Source Files\Engine\Components</Filter>
    </ClCompile>
    <ClCompile Include="Engine\Component.cpp">
      <Filter>Source Files\Engine</Filter>
    </ClCompile>
    <ClCompile Include="Engine\Event.cpp">
      <Filter>Source Files\Engine</Filter>
    </ClCompile>
    <ClCompile Include="Engine\Components\MoveComponent.cpp">
      <Filter>Source Files\Engine\Components</Filter>
    </ClCompile>
    <ClCompile Include="Engine\GameObject.cpp">
      <Filter>Source Files\Engine</Filter>
    </ClCompile>
    <ClCompile Include="Engine\Components\CollisionComponent.cpp">
      <Filter>Source Files\Engine\Components</Filter>
    </ClCompile>
    <ClCompile Include="Engine\GameSystems\CollisionSystem.cpp">
      <Filter>Source Files\Engine\GameSystems</Filter>
    </ClCompile>
    <ClCompile Include="Engine\GameSystem.cpp">
      <Filter>Source Files\Engine</Filter>
    </ClCompile>
    <ClCompile Include="Engine\Components\Collider.cpp">
      <Filter>Source Files\Engine\Components</Filter>
    </ClCompile>
  </ItemGroup>
  <ItemGroup>
    <ClInclude Include="Engine\NameHash.h">
      <Filter>Source Files\Engine</Filter>
    </ClInclude>
    <ClInclude Include="Engine\Core.h">
      <Filter>Source Files\Engine</Filter>
    </ClInclude>
    <ClInclude Include="Engine\GameObject.h">
      <Filter>Source Files\Engine</Filter>
    </ClInclude>
    <ClInclude Include="Engine\Component.h">
      <Filter>Source Files\Engine</Filter>
    </ClInclude>
    <ClInclude Include="Engine\World.h">
      <Filter>Source Files\Engine</Filter>
    </ClInclude>
    <ClInclude Include="Engine\Components\SpriteComponent.h">
      <Filter>Source Files\Engine\Components</Filter>
    </ClInclude>
    <ClInclude Include="Engine\AssetManager.h">
      <Filter>Source Files\Engine</Filter>
    </ClInclude>
    <ClInclude Include="TestObject.h">
      <Filter>Source Files\TestGame</Filter>
    </ClInclude>
    <ClInclude Include="Engine\Event.h">
      <Filter>Source Files\Engine</Filter>
    </ClInclude>
    <ClInclude Include="Engine\Components\MoveComponent.h">
      <Filter>Source Files\Engine\Components</Filter>
    </ClInclude>
    <ClInclude Include="Engine\GameSystem.h">
      <Filter>Source Files\Engine</Filter>
    </ClInclude>
    <ClInclude Include="Engine\GameSystems\CollisionSystem.h">
      <Filter>Source Files\Engine\GameSystems</Filter>
    </ClInclude>
    <ClInclude Include="Engine\Components\CollisionComponent.h">
      <Filter>Source Files\Engine\Components</Filter>
    </ClInclude>
    <ClInclude Include="Engine\ComponentReference.h">
      <Filter>Source Files\Engine</Filter>
    </ClInclude>
    <ClInclude Include="Engine\Math.h">
      <Filter>Source Files\Engine</Filter>
    </ClInclude>
    <ClInclude Include="Engine\Components\Collider.h">
      <Filter>Source Files\Engine\Components</Filter>
    </ClInclude>
    <ClInclude Include="Engine\Components\Collider_i.h">
      <Filter>Header Files</Filter>
    </ClInclude>
  </ItemGroup>
</Project>